
Microsoft Visual Studio Solution File, Format Version 12.00
# Visual Studio 15
Project("{FAE04EC0-301F-11D3-BF4B-00C04F79EFBC}") = "Microsoft.MixedReality.Toolkit.SDK", "Microsoft.MixedReality.Toolkit.SDK.csproj", "{BC394E0E-AE69-D6EF-04C5-13E1DC08B94D}"
EndProject
Project("{FAE04EC0-301F-11D3-BF4B-00C04F79EFBC}") = "Microsoft.MixedReality.Toolkit.Providers.OpenVR", "Microsoft.MixedReality.Toolkit.Providers.OpenVR.csproj", "{720EC8B2-6057-A9E7-B2E9-7241AB7C71FD}"
EndProject
Project("{FAE04EC0-301F-11D3-BF4B-00C04F79EFBC}") = "Microsoft.MixedReality.Toolkit.Examples", "Microsoft.MixedReality.Toolkit.Examples.csproj", "{2CCCF32A-71B5-7EAA-ADC0-48FD09E494AD}"
EndProject
Project("{FAE04EC0-301F-11D3-BF4B-00C04F79EFBC}") = "Microsoft.MixedReality.Toolkit", "Microsoft.MixedReality.Toolkit.csproj", "{2B3FC741-FBD8-009E-A106-DB3EB0A6C4E1}"
EndProject
Project("{FAE04EC0-301F-11D3-BF4B-00C04F79EFBC}") = "PhotonUnityNetworking.Demos", "PhotonUnityNetworking.Demos.csproj", "{DED8DEAB-0E13-E027-F99A-42C79640722E}"
EndProject
Project("{FAE04EC0-301F-11D3-BF4B-00C04F79EFBC}") = "PhotonUnityNetworking.Utilities", "PhotonUnityNetworking.Utilities.csproj", "{6B2569D1-416A-B2BC-2996-707CD4724FAF}"
EndProject
Project("{FAE04EC0-301F-11D3-BF4B-00C04F79EFBC}") = "Microsoft.MixedReality.Toolkit.Services.SpatialAwarenessSystem", "Microsoft.MixedReality.Toolkit.Services.SpatialAwarenessSystem.csproj", "{C77A9F74-F00D-4ECA-E91C-B316DC553CF0}"
EndProject
Project("{FAE04EC0-301F-11D3-BF4B-00C04F79EFBC}") = "Assembly-CSharp", "Assembly-CSharp.csproj", "{161AAF9F-36CD-7080-FD7B-7CCC49AD04E2}"
EndProject
Project("{FAE04EC0-301F-11D3-BF4B-00C04F79EFBC}") = "PhotonChat", "PhotonChat.csproj", "{73167C82-9EB2-ECDB-CC12-234DB78E1274}"
EndProject
Project("{FAE04EC0-301F-11D3-BF4B-00C04F79EFBC}") = "Microsoft.MixedReality.Toolkit.Gltf", "Microsoft.MixedReality.Toolkit.Gltf.csproj", "{A9B4D71E-FA4D-77B4-C095-CD7A969086B2}"
EndProject
Project("{FAE04EC0-301F-11D3-BF4B-00C04F79EFBC}") = "Microsoft.MixedReality.Toolkit.Services.SceneSystem", "Microsoft.MixedReality.Toolkit.Services.SceneSystem.csproj", "{CEBCBA55-4C6A-C132-8D5E-7324B460DE13}"
EndProject
Project("{FAE04EC0-301F-11D3-BF4B-00C04F79EFBC}") = "Microsoft.MixedReality.Toolkit.Services.InputSystem", "Microsoft.MixedReality.Toolkit.Services.InputSystem.csproj", "{06ACE12B-39FE-1881-5F6F-9A9B7A4E8333}"
EndProject
Project("{FAE04EC0-301F-11D3-BF4B-00C04F79EFBC}") = "Microsoft.MixedReality.Toolkit.Services.InputAnimation", "Microsoft.MixedReality.Toolkit.Services.InputAnimation.csproj", "{3FB855D0-98F4-62CA-9F7F-AF6B56FC4659}"
EndProject
Project("{FAE04EC0-301F-11D3-BF4B-00C04F79EFBC}") = "PhotonUnityNetworking", "PhotonUnityNetworking.csproj", "{2EF069EF-2631-8147-FD5E-AB256707B0DC}"
EndProject
Project("{FAE04EC0-301F-11D3-BF4B-00C04F79EFBC}") = "PhotonRealtime", "PhotonRealtime.csproj", "{BAB44D6D-388D-D0EE-5824-1BA451760C33}"
EndProject
Project("{FAE04EC0-301F-11D3-BF4B-00C04F79EFBC}") = "Microsoft.MixedReality.Toolkit.Services.InputSimulation", "Microsoft.MixedReality.Toolkit.Services.InputSimulation.csproj", "{75097410-6D6F-5C88-440A-D2420DBCFA36}"
EndProject
Project("{FAE04EC0-301F-11D3-BF4B-00C04F79EFBC}") = "Microsoft.MixedReality.Toolkit.Services.DiagnosticsSystem", "Microsoft.MixedReality.Toolkit.Services.DiagnosticsSystem.csproj", "{B9D0BA76-B9D0-91DF-56D3-02A529415396}"
EndProject
Project("{FAE04EC0-301F-11D3-BF4B-00C04F79EFBC}") = "Microsoft.MixedReality.Toolkit.Demos.InspectorFields", "Microsoft.MixedReality.Toolkit.Demos.InspectorFields.csproj", "{E842092B-F2A9-4B6B-F7D8-87E6BAD40D03}"
EndProject
Project("{FAE04EC0-301F-11D3-BF4B-00C04F79EFBC}") = "Microsoft.MixedReality.Toolkit.Async", "Microsoft.MixedReality.Toolkit.Async.csproj", "{0B6E160F-A6DF-A387-C1D1-2BC40DA9E373}"
EndProject
Project("{FAE04EC0-301F-11D3-BF4B-00C04F79EFBC}") = "Microsoft.MixedReality.Toolkit.Providers.WindowsMixedReality", "Microsoft.MixedReality.Toolkit.Providers.WindowsMixedReality.csproj", "{0742F900-3E8D-53E9-5CA8-E29D2546A3DD}"
EndProject
Project("{FAE04EC0-301F-11D3-BF4B-00C04F79EFBC}") = "Microsoft.MixedReality.Toolkit.Demos.Gltf", "Microsoft.MixedReality.Toolkit.Demos.Gltf.csproj", "{8D1B5DD9-F820-0549-5F98-5EDC4E3340CC}"
EndProject
Project("{FAE04EC0-301F-11D3-BF4B-00C04F79EFBC}") = "Microsoft.MixedReality.Toolkit.Providers.WindowsVoiceInput", "Microsoft.MixedReality.Toolkit.Providers.WindowsVoiceInput.csproj", "{26470652-CBAC-7420-B87A-0935BF0104CA}"
EndProject
Project("{FAE04EC0-301F-11D3-BF4B-00C04F79EFBC}") = "Microsoft.MixedReality.Toolkit.Services.TeleportSystem", "Microsoft.MixedReality.Toolkit.Services.TeleportSystem.csproj", "{340521B5-46FB-E334-BE0F-2A3BD6633E9E}"
EndProject
Project("{FAE04EC0-301F-11D3-BF4B-00C04F79EFBC}") = "Microsoft.MixedReality.Toolkit.Services.CameraSystem", "Microsoft.MixedReality.Toolkit.Services.CameraSystem.csproj", "{A5EA3E3D-FB7F-FFD3-3F40-8B4D7A0C8788}"
EndProject
Project("{FAE04EC0-301F-11D3-BF4B-00C04F79EFBC}") = "PhotonWebSocket", "PhotonWebSocket.csproj", "{56C079A7-4996-265D-2374-460FA767A94F}"
EndProject
Project("{FAE04EC0-301F-11D3-BF4B-00C04F79EFBC}") = "Microsoft.MixedReality.Toolkit.Services.BoundarySystem", "Microsoft.MixedReality.Toolkit.Services.BoundarySystem.csproj", "{476EB2D7-6C20-4986-3A7B-4B5682F2E675}"
EndProject
Project("{FAE04EC0-301F-11D3-BF4B-00C04F79EFBC}") = "Microsoft.MixedReality.Toolkit.Demos.UX.Interactables", "Microsoft.MixedReality.Toolkit.Demos.UX.Interactables.csproj", "{EFD9685C-21E9-682B-5336-45C0080CD143}"
EndProject
Project("{FAE04EC0-301F-11D3-BF4B-00C04F79EFBC}") = "PhotonVoice.API", "PhotonVoice.API.csproj", "{387038F5-37C5-A01E-7CB9-0D3BAAC36766}"
EndProject
Project("{FAE04EC0-301F-11D3-BF4B-00C04F79EFBC}") = "PhotonVoice", "PhotonVoice.csproj", "{7094181A-EEBD-C9E5-E59A-C446DB95BDAB}"
EndProject
Project("{FAE04EC0-301F-11D3-BF4B-00C04F79EFBC}") = "PhotonVoice.PUN", "PhotonVoice.PUN.csproj", "{F57F0996-7D3D-C154-A4A8-31251F1CDF35}"
EndProject
Project("{FAE04EC0-301F-11D3-BF4B-00C04F79EFBC}") = "Microsoft.MixedReality.Toolkit.SDK.Inspectors", "Microsoft.MixedReality.Toolkit.SDK.Inspectors.csproj", "{E2E5A599-08E0-3EED-E9C9-712BA928F68A}"
EndProject
Project("{FAE04EC0-301F-11D3-BF4B-00C04F79EFBC}") = "Microsoft.MixedReality.Toolkit.Editor.Inspectors", "Microsoft.MixedReality.Toolkit.Editor.Inspectors.csproj", "{26250179-720E-03CB-030D-62F7E305AF53}"
EndProject
Project("{FAE04EC0-301F-11D3-BF4B-00C04F79EFBC}") = "Microsoft.MixedReality.Toolkit.Editor.ServiceInspectors", "Microsoft.MixedReality.Toolkit.Editor.ServiceInspectors.csproj", "{26045767-F6DA-BF43-EE98-FDC5106D85D5}"
EndProject
Project("{FAE04EC0-301F-11D3-BF4B-00C04F79EFBC}") = "Microsoft.MixedReality.Toolkit.Demos.InspectorFields.Inspectors", "Microsoft.MixedReality.Toolkit.Demos.InspectorFields.Inspectors.csproj", "{B8C99474-B213-2827-0330-14216496F40B}"
EndProject
Project("{FAE04EC0-301F-11D3-BF4B-00C04F79EFBC}") = "Microsoft.MixedReality.Toolkit.Editor.Utilities", "Microsoft.MixedReality.Toolkit.Editor.Utilities.csproj", "{C8158DE1-2AE1-7A00-D9E2-1E7C4C85B05F}"
EndProject
Project("{FAE04EC0-301F-11D3-BF4B-00C04F79EFBC}") = "Assembly-CSharp-Editor", "Assembly-CSharp-Editor.csproj", "{A9BC7B5C-43E3-ECAA-3909-03EB136CB776}"
EndProject
Project("{FAE04EC0-301F-11D3-BF4B-00C04F79EFBC}") = "Microsoft.MixedReality.Toolkit.Providers.ObjectMeshObserver", "Microsoft.MixedReality.Toolkit.Providers.ObjectMeshObserver.csproj", "{AB5903E9-179D-384F-24E2-9C141791FB14}"
EndProject
Project("{FAE04EC0-301F-11D3-BF4B-00C04F79EFBC}") = "PhotonUnityNetworking.Editor", "PhotonUnityNetworking.Editor.csproj", "{7DEB9F5A-DA03-476D-3137-671BF2D82217}"
EndProject
Project("{FAE04EC0-301F-11D3-BF4B-00C04F79EFBC}") = "Microsoft.MixedReality.Toolkit.Gltf.Importers", "Microsoft.MixedReality.Toolkit.Gltf.Importers.csproj", "{9A86DB53-1853-BE52-DCB0-0B36ADA2CA12}"
EndProject
Project("{FAE04EC0-301F-11D3-BF4B-00C04F79EFBC}") = "Microsoft.MixedReality.Toolkit.Editor.BuildAndDeploy", "Microsoft.MixedReality.Toolkit.Editor.BuildAndDeploy.csproj", "{6C72D4FA-730B-708A-6784-533B5CCBC897}"
EndProject
Project("{FAE04EC0-301F-11D3-BF4B-00C04F79EFBC}") = "PunDemos.DemoHubEditor", "PunDemos.DemoHubEditor.csproj", "{0222AAC6-5A3F-DE4A-8E45-0BC1E3BB5FD3}"
EndProject
Project("{FAE04EC0-301F-11D3-BF4B-00C04F79EFBC}") = "PhotonUnityNetworking.Utilities.PhotonPlayer.Editor", "PhotonUnityNetworking.Utilities.PhotonPlayer.Editor.csproj", "{DD3C2755-48AB-3FAF-E6F2-CD7F307484E0}"
EndProject
Project("{FAE04EC0-301F-11D3-BF4B-00C04F79EFBC}") = "PhotonUnityNetworking.Utilities.Culling.Editor", "PhotonUnityNetworking.Utilities.Culling.Editor.csproj", "{FA481418-45F3-ED31-511C-0D324401E453}"
EndProject
Project("{FAE04EC0-301F-11D3-BF4B-00C04F79EFBC}") = "PunDemos.DemoSlotcarEditor", "PunDemos.DemoSlotcarEditor.csproj", "{068C7A19-FA87-DC26-5B17-468F61BB478E}"
EndProject
Project("{FAE04EC0-301F-11D3-BF4B-00C04F79EFBC}") = "Microsoft.MixedReality.Toolkit.Services.InputSimulation.Editor", "Microsoft.MixedReality.Toolkit.Services.InputSimulation.Editor.csproj", "{72FDAE4B-2988-1A8C-338C-7E87E1F1F03D}"
EndProject
Project("{FAE04EC0-301F-11D3-BF4B-00C04F79EFBC}") = "Microsoft.MixedReality.Toolkit.Demos.StandardShader.Inspectors", "Microsoft.MixedReality.Toolkit.Demos.StandardShader.Inspectors.csproj", "{D8C1DD70-3C1F-8068-3CE2-FA9404932683}"
EndProject
Project("{FAE04EC0-301F-11D3-BF4B-00C04F79EFBC}") = "Microsoft.MixedReality.Toolkit.Services.InputSystem.Editor", "Microsoft.MixedReality.Toolkit.Services.InputSystem.Editor.csproj", "{BC602F04-571C-D508-F39A-717E8378EAA8}"
EndProject
Project("{FAE04EC0-301F-11D3-BF4B-00C04F79EFBC}") = "Microsoft.MixedReality.Toolkit.Editor.ClassExtensions", "Microsoft.MixedReality.Toolkit.Editor.ClassExtensions.csproj", "{34BD5AF5-C301-E55F-750D-7EDD2B0E829B}"
EndProject
Project("{FAE04EC0-301F-11D3-BF4B-00C04F79EFBC}") = "Microsoft.MixedReality.Toolkit.Demos.Gltf.Inspectors", "Microsoft.MixedReality.Toolkit.Demos.Gltf.Inspectors.csproj", "{FB5E4D95-963F-E6F2-ABB4-F2213FD0BBC5}"
EndProject
Project("{FAE04EC0-301F-11D3-BF4B-00C04F79EFBC}") = "Microsoft.MixedReality.Toolkit.Services.InputAnimation.Editor", "Microsoft.MixedReality.Toolkit.Services.InputAnimation.Editor.csproj", "{5BC01992-8BFF-C475-2837-E53BD89C1B1D}"
EndProject
Project("{FAE04EC0-301F-11D3-BF4B-00C04F79EFBC}") = "PhotonVoice.Editor", "PhotonVoice.Editor.csproj", "{03306A1D-8CD8-2CCE-29C6-6D07C8A73C95}"
EndProject
Project("{FAE04EC0-301F-11D3-BF4B-00C04F79EFBC}") = "PhotonVoice.Utilities.Editor", "PhotonVoice.Utilities.Editor.csproj", "{1A219538-2DC3-4EA9-C8C0-C624B86F1F7E}"
EndProject
Project("{FAE04EC0-301F-11D3-BF4B-00C04F79EFBC}") = "PhotonVoice.PUN.Editor", "PhotonVoice.PUN.Editor.csproj", "{61BD1547-32EA-8A65-F150-621FA827A701}"
EndProject
Global
	GlobalSection(SolutionConfigurationPlatforms) = preSolution
		Debug|Any CPU = Debug|Any CPU
		Release|Any CPU = Release|Any CPU
	EndGlobalSection
	GlobalSection(ProjectConfigurationPlatforms) = postSolution
		{BC394E0E-AE69-D6EF-04C5-13E1DC08B94D}.Debug|Any CPU.ActiveCfg = Debug|Any CPU
		{BC394E0E-AE69-D6EF-04C5-13E1DC08B94D}.Debug|Any CPU.Build.0 = Debug|Any CPU
		{BC394E0E-AE69-D6EF-04C5-13E1DC08B94D}.Release|Any CPU.ActiveCfg = Release|Any CPU
		{BC394E0E-AE69-D6EF-04C5-13E1DC08B94D}.Release|Any CPU.Build.0 = Release|Any CPU
		{720EC8B2-6057-A9E7-B2E9-7241AB7C71FD}.Debug|Any CPU.ActiveCfg = Debug|Any CPU
		{720EC8B2-6057-A9E7-B2E9-7241AB7C71FD}.Debug|Any CPU.Build.0 = Debug|Any CPU
		{720EC8B2-6057-A9E7-B2E9-7241AB7C71FD}.Release|Any CPU.ActiveCfg = Release|Any CPU
		{720EC8B2-6057-A9E7-B2E9-7241AB7C71FD}.Release|Any CPU.Build.0 = Release|Any CPU
		{2CCCF32A-71B5-7EAA-ADC0-48FD09E494AD}.Debug|Any CPU.ActiveCfg = Debug|Any CPU
		{2CCCF32A-71B5-7EAA-ADC0-48FD09E494AD}.Debug|Any CPU.Build.0 = Debug|Any CPU
		{2CCCF32A-71B5-7EAA-ADC0-48FD09E494AD}.Release|Any CPU.ActiveCfg = Release|Any CPU
		{2CCCF32A-71B5-7EAA-ADC0-48FD09E494AD}.Release|Any CPU.Build.0 = Release|Any CPU
		{2B3FC741-FBD8-009E-A106-DB3EB0A6C4E1}.Debug|Any CPU.ActiveCfg = Debug|Any CPU
		{2B3FC741-FBD8-009E-A106-DB3EB0A6C4E1}.Debug|Any CPU.Build.0 = Debug|Any CPU
		{2B3FC741-FBD8-009E-A106-DB3EB0A6C4E1}.Release|Any CPU.ActiveCfg = Release|Any CPU
		{2B3FC741-FBD8-009E-A106-DB3EB0A6C4E1}.Release|Any CPU.Build.0 = Release|Any CPU
		{DED8DEAB-0E13-E027-F99A-42C79640722E}.Debug|Any CPU.ActiveCfg = Debug|Any CPU
		{DED8DEAB-0E13-E027-F99A-42C79640722E}.Debug|Any CPU.Build.0 = Debug|Any CPU
		{DED8DEAB-0E13-E027-F99A-42C79640722E}.Release|Any CPU.ActiveCfg = Release|Any CPU
		{DED8DEAB-0E13-E027-F99A-42C79640722E}.Release|Any CPU.Build.0 = Release|Any CPU
		{6B2569D1-416A-B2BC-2996-707CD4724FAF}.Debug|Any CPU.ActiveCfg = Debug|Any CPU
		{6B2569D1-416A-B2BC-2996-707CD4724FAF}.Debug|Any CPU.Build.0 = Debug|Any CPU
		{6B2569D1-416A-B2BC-2996-707CD4724FAF}.Release|Any CPU.ActiveCfg = Release|Any CPU
		{6B2569D1-416A-B2BC-2996-707CD4724FAF}.Release|Any CPU.Build.0 = Release|Any CPU
		{C77A9F74-F00D-4ECA-E91C-B316DC553CF0}.Debug|Any CPU.ActiveCfg = Debug|Any CPU
		{C77A9F74-F00D-4ECA-E91C-B316DC553CF0}.Debug|Any CPU.Build.0 = Debug|Any CPU
		{C77A9F74-F00D-4ECA-E91C-B316DC553CF0}.Release|Any CPU.ActiveCfg = Release|Any CPU
		{C77A9F74-F00D-4ECA-E91C-B316DC553CF0}.Release|Any CPU.Build.0 = Release|Any CPU
		{161AAF9F-36CD-7080-FD7B-7CCC49AD04E2}.Debug|Any CPU.ActiveCfg = Debug|Any CPU
		{161AAF9F-36CD-7080-FD7B-7CCC49AD04E2}.Debug|Any CPU.Build.0 = Debug|Any CPU
		{161AAF9F-36CD-7080-FD7B-7CCC49AD04E2}.Release|Any CPU.ActiveCfg = Release|Any CPU
		{161AAF9F-36CD-7080-FD7B-7CCC49AD04E2}.Release|Any CPU.Build.0 = Release|Any CPU
		{73167C82-9EB2-ECDB-CC12-234DB78E1274}.Debug|Any CPU.ActiveCfg = Debug|Any CPU
		{73167C82-9EB2-ECDB-CC12-234DB78E1274}.Debug|Any CPU.Build.0 = Debug|Any CPU
		{73167C82-9EB2-ECDB-CC12-234DB78E1274}.Release|Any CPU.ActiveCfg = Release|Any CPU
		{73167C82-9EB2-ECDB-CC12-234DB78E1274}.Release|Any CPU.Build.0 = Release|Any CPU
		{A9B4D71E-FA4D-77B4-C095-CD7A969086B2}.Debug|Any CPU.ActiveCfg = Debug|Any CPU
		{A9B4D71E-FA4D-77B4-C095-CD7A969086B2}.Debug|Any CPU.Build.0 = Debug|Any CPU
		{A9B4D71E-FA4D-77B4-C095-CD7A969086B2}.Release|Any CPU.ActiveCfg = Release|Any CPU
		{A9B4D71E-FA4D-77B4-C095-CD7A969086B2}.Release|Any CPU.Build.0 = Release|Any CPU
		{CEBCBA55-4C6A-C132-8D5E-7324B460DE13}.Debug|Any CPU.ActiveCfg = Debug|Any CPU
		{CEBCBA55-4C6A-C132-8D5E-7324B460DE13}.Debug|Any CPU.Build.0 = Debug|Any CPU
		{CEBCBA55-4C6A-C132-8D5E-7324B460DE13}.Release|Any CPU.ActiveCfg = Release|Any CPU
		{CEBCBA55-4C6A-C132-8D5E-7324B460DE13}.Release|Any CPU.Build.0 = Release|Any CPU
		{06ACE12B-39FE-1881-5F6F-9A9B7A4E8333}.Debug|Any CPU.ActiveCfg = Debug|Any CPU
		{06ACE12B-39FE-1881-5F6F-9A9B7A4E8333}.Debug|Any CPU.Build.0 = Debug|Any CPU
		{06ACE12B-39FE-1881-5F6F-9A9B7A4E8333}.Release|Any CPU.ActiveCfg = Release|Any CPU
		{06ACE12B-39FE-1881-5F6F-9A9B7A4E8333}.Release|Any CPU.Build.0 = Release|Any CPU
		{3FB855D0-98F4-62CA-9F7F-AF6B56FC4659}.Debug|Any CPU.ActiveCfg = Debug|Any CPU
		{3FB855D0-98F4-62CA-9F7F-AF6B56FC4659}.Debug|Any CPU.Build.0 = Debug|Any CPU
		{3FB855D0-98F4-62CA-9F7F-AF6B56FC4659}.Release|Any CPU.ActiveCfg = Release|Any CPU
		{3FB855D0-98F4-62CA-9F7F-AF6B56FC4659}.Release|Any CPU.Build.0 = Release|Any CPU
		{2EF069EF-2631-8147-FD5E-AB256707B0DC}.Debug|Any CPU.ActiveCfg = Debug|Any CPU
		{2EF069EF-2631-8147-FD5E-AB256707B0DC}.Debug|Any CPU.Build.0 = Debug|Any CPU
		{2EF069EF-2631-8147-FD5E-AB256707B0DC}.Release|Any CPU.ActiveCfg = Release|Any CPU
		{2EF069EF-2631-8147-FD5E-AB256707B0DC}.Release|Any CPU.Build.0 = Release|Any CPU
		{BAB44D6D-388D-D0EE-5824-1BA451760C33}.Debug|Any CPU.ActiveCfg = Debug|Any CPU
		{BAB44D6D-388D-D0EE-5824-1BA451760C33}.Debug|Any CPU.Build.0 = Debug|Any CPU
		{BAB44D6D-388D-D0EE-5824-1BA451760C33}.Release|Any CPU.ActiveCfg = Release|Any CPU
		{BAB44D6D-388D-D0EE-5824-1BA451760C33}.Release|Any CPU.Build.0 = Release|Any CPU
		{75097410-6D6F-5C88-440A-D2420DBCFA36}.Debug|Any CPU.ActiveCfg = Debug|Any CPU
		{75097410-6D6F-5C88-440A-D2420DBCFA36}.Debug|Any CPU.Build.0 = Debug|Any CPU
		{75097410-6D6F-5C88-440A-D2420DBCFA36}.Release|Any CPU.ActiveCfg = Release|Any CPU
		{75097410-6D6F-5C88-440A-D2420DBCFA36}.Release|Any CPU.Build.0 = Release|Any CPU
		{B9D0BA76-B9D0-91DF-56D3-02A529415396}.Debug|Any CPU.ActiveCfg = Debug|Any CPU
		{B9D0BA76-B9D0-91DF-56D3-02A529415396}.Debug|Any CPU.Build.0 = Debug|Any CPU
		{B9D0BA76-B9D0-91DF-56D3-02A529415396}.Release|Any CPU.ActiveCfg = Release|Any CPU
		{B9D0BA76-B9D0-91DF-56D3-02A529415396}.Release|Any CPU.Build.0 = Release|Any CPU
		{E842092B-F2A9-4B6B-F7D8-87E6BAD40D03}.Debug|Any CPU.ActiveCfg = Debug|Any CPU
		{E842092B-F2A9-4B6B-F7D8-87E6BAD40D03}.Debug|Any CPU.Build.0 = Debug|Any CPU
		{E842092B-F2A9-4B6B-F7D8-87E6BAD40D03}.Release|Any CPU.ActiveCfg = Release|Any CPU
		{E842092B-F2A9-4B6B-F7D8-87E6BAD40D03}.Release|Any CPU.Build.0 = Release|Any CPU
		{0B6E160F-A6DF-A387-C1D1-2BC40DA9E373}.Debug|Any CPU.ActiveCfg = Debug|Any CPU
		{0B6E160F-A6DF-A387-C1D1-2BC40DA9E373}.Debug|Any CPU.Build.0 = Debug|Any CPU
		{0B6E160F-A6DF-A387-C1D1-2BC40DA9E373}.Release|Any CPU.ActiveCfg = Release|Any CPU
		{0B6E160F-A6DF-A387-C1D1-2BC40DA9E373}.Release|Any CPU.Build.0 = Release|Any CPU
		{0742F900-3E8D-53E9-5CA8-E29D2546A3DD}.Debug|Any CPU.ActiveCfg = Debug|Any CPU
		{0742F900-3E8D-53E9-5CA8-E29D2546A3DD}.Debug|Any CPU.Build.0 = Debug|Any CPU
		{0742F900-3E8D-53E9-5CA8-E29D2546A3DD}.Release|Any CPU.ActiveCfg = Release|Any CPU
		{0742F900-3E8D-53E9-5CA8-E29D2546A3DD}.Release|Any CPU.Build.0 = Release|Any CPU
		{8D1B5DD9-F820-0549-5F98-5EDC4E3340CC}.Debug|Any CPU.ActiveCfg = Debug|Any CPU
		{8D1B5DD9-F820-0549-5F98-5EDC4E3340CC}.Debug|Any CPU.Build.0 = Debug|Any CPU
		{8D1B5DD9-F820-0549-5F98-5EDC4E3340CC}.Release|Any CPU.ActiveCfg = Release|Any CPU
		{8D1B5DD9-F820-0549-5F98-5EDC4E3340CC}.Release|Any CPU.Build.0 = Release|Any CPU
		{26470652-CBAC-7420-B87A-0935BF0104CA}.Debug|Any CPU.ActiveCfg = Debug|Any CPU
		{26470652-CBAC-7420-B87A-0935BF0104CA}.Debug|Any CPU.Build.0 = Debug|Any CPU
		{26470652-CBAC-7420-B87A-0935BF0104CA}.Release|Any CPU.ActiveCfg = Release|Any CPU
		{26470652-CBAC-7420-B87A-0935BF0104CA}.Release|Any CPU.Build.0 = Release|Any CPU
		{340521B5-46FB-E334-BE0F-2A3BD6633E9E}.Debug|Any CPU.ActiveCfg = Debug|Any CPU
		{340521B5-46FB-E334-BE0F-2A3BD6633E9E}.Debug|Any CPU.Build.0 = Debug|Any CPU
		{340521B5-46FB-E334-BE0F-2A3BD6633E9E}.Release|Any CPU.ActiveCfg = Release|Any CPU
		{340521B5-46FB-E334-BE0F-2A3BD6633E9E}.Release|Any CPU.Build.0 = Release|Any CPU
		{A5EA3E3D-FB7F-FFD3-3F40-8B4D7A0C8788}.Debug|Any CPU.ActiveCfg = Debug|Any CPU
		{A5EA3E3D-FB7F-FFD3-3F40-8B4D7A0C8788}.Debug|Any CPU.Build.0 = Debug|Any CPU
		{A5EA3E3D-FB7F-FFD3-3F40-8B4D7A0C8788}.Release|Any CPU.ActiveCfg = Release|Any CPU
		{A5EA3E3D-FB7F-FFD3-3F40-8B4D7A0C8788}.Release|Any CPU.Build.0 = Release|Any CPU
		{56C079A7-4996-265D-2374-460FA767A94F}.Debug|Any CPU.ActiveCfg = Debug|Any CPU
		{56C079A7-4996-265D-2374-460FA767A94F}.Debug|Any CPU.Build.0 = Debug|Any CPU
		{56C079A7-4996-265D-2374-460FA767A94F}.Release|Any CPU.ActiveCfg = Release|Any CPU
		{56C079A7-4996-265D-2374-460FA767A94F}.Release|Any CPU.Build.0 = Release|Any CPU
		{476EB2D7-6C20-4986-3A7B-4B5682F2E675}.Debug|Any CPU.ActiveCfg = Debug|Any CPU
		{476EB2D7-6C20-4986-3A7B-4B5682F2E675}.Debug|Any CPU.Build.0 = Debug|Any CPU
		{476EB2D7-6C20-4986-3A7B-4B5682F2E675}.Release|Any CPU.ActiveCfg = Release|Any CPU
		{476EB2D7-6C20-4986-3A7B-4B5682F2E675}.Release|Any CPU.Build.0 = Release|Any CPU
		{EFD9685C-21E9-682B-5336-45C0080CD143}.Debug|Any CPU.ActiveCfg = Debug|Any CPU
		{EFD9685C-21E9-682B-5336-45C0080CD143}.Debug|Any CPU.Build.0 = Debug|Any CPU
		{EFD9685C-21E9-682B-5336-45C0080CD143}.Release|Any CPU.ActiveCfg = Release|Any CPU
		{EFD9685C-21E9-682B-5336-45C0080CD143}.Release|Any CPU.Build.0 = Release|Any CPU
		{387038F5-37C5-A01E-7CB9-0D3BAAC36766}.Debug|Any CPU.ActiveCfg = Debug|Any CPU
		{387038F5-37C5-A01E-7CB9-0D3BAAC36766}.Debug|Any CPU.Build.0 = Debug|Any CPU
		{387038F5-37C5-A01E-7CB9-0D3BAAC36766}.Release|Any CPU.ActiveCfg = Release|Any CPU
		{387038F5-37C5-A01E-7CB9-0D3BAAC36766}.Release|Any CPU.Build.0 = Release|Any CPU
		{7094181A-EEBD-C9E5-E59A-C446DB95BDAB}.Debug|Any CPU.ActiveCfg = Debug|Any CPU
		{7094181A-EEBD-C9E5-E59A-C446DB95BDAB}.Debug|Any CPU.Build.0 = Debug|Any CPU
		{7094181A-EEBD-C9E5-E59A-C446DB95BDAB}.Release|Any CPU.ActiveCfg = Release|Any CPU
		{7094181A-EEBD-C9E5-E59A-C446DB95BDAB}.Release|Any CPU.Build.0 = Release|Any CPU
		{F57F0996-7D3D-C154-A4A8-31251F1CDF35}.Debug|Any CPU.ActiveCfg = Debug|Any CPU
		{F57F0996-7D3D-C154-A4A8-31251F1CDF35}.Debug|Any CPU.Build.0 = Debug|Any CPU
		{F57F0996-7D3D-C154-A4A8-31251F1CDF35}.Release|Any CPU.ActiveCfg = Release|Any CPU
		{F57F0996-7D3D-C154-A4A8-31251F1CDF35}.Release|Any CPU.Build.0 = Release|Any CPU
		{E2E5A599-08E0-3EED-E9C9-712BA928F68A}.Debug|Any CPU.ActiveCfg = Debug|Any CPU
		{E2E5A599-08E0-3EED-E9C9-712BA928F68A}.Debug|Any CPU.Build.0 = Debug|Any CPU
		{E2E5A599-08E0-3EED-E9C9-712BA928F68A}.Release|Any CPU.ActiveCfg = Release|Any CPU
		{E2E5A599-08E0-3EED-E9C9-712BA928F68A}.Release|Any CPU.Build.0 = Release|Any CPU
		{26250179-720E-03CB-030D-62F7E305AF53}.Debug|Any CPU.ActiveCfg = Debug|Any CPU
		{26250179-720E-03CB-030D-62F7E305AF53}.Debug|Any CPU.Build.0 = Debug|Any CPU
		{26250179-720E-03CB-030D-62F7E305AF53}.Release|Any CPU.ActiveCfg = Release|Any CPU
		{26250179-720E-03CB-030D-62F7E305AF53}.Release|Any CPU.Build.0 = Release|Any CPU
		{26045767-F6DA-BF43-EE98-FDC5106D85D5}.Debug|Any CPU.ActiveCfg = Debug|Any CPU
		{26045767-F6DA-BF43-EE98-FDC5106D85D5}.Debug|Any CPU.Build.0 = Debug|Any CPU
		{26045767-F6DA-BF43-EE98-FDC5106D85D5}.Release|Any CPU.ActiveCfg = Release|Any CPU
		{26045767-F6DA-BF43-EE98-FDC5106D85D5}.Release|Any CPU.Build.0 = Release|Any CPU
		{B8C99474-B213-2827-0330-14216496F40B}.Debug|Any CPU.ActiveCfg = Debug|Any CPU
		{B8C99474-B213-2827-0330-14216496F40B}.Debug|Any CPU.Build.0 = Debug|Any CPU
		{B8C99474-B213-2827-0330-14216496F40B}.Release|Any CPU.ActiveCfg = Release|Any CPU
		{B8C99474-B213-2827-0330-14216496F40B}.Release|Any CPU.Build.0 = Release|Any CPU
		{C8158DE1-2AE1-7A00-D9E2-1E7C4C85B05F}.Debug|Any CPU.ActiveCfg = Debug|Any CPU
		{C8158DE1-2AE1-7A00-D9E2-1E7C4C85B05F}.Debug|Any CPU.Build.0 = Debug|Any CPU
		{C8158DE1-2AE1-7A00-D9E2-1E7C4C85B05F}.Release|Any CPU.ActiveCfg = Release|Any CPU
		{C8158DE1-2AE1-7A00-D9E2-1E7C4C85B05F}.Release|Any CPU.Build.0 = Release|Any CPU
		{A9BC7B5C-43E3-ECAA-3909-03EB136CB776}.Debug|Any CPU.ActiveCfg = Debug|Any CPU
		{A9BC7B5C-43E3-ECAA-3909-03EB136CB776}.Debug|Any CPU.Build.0 = Debug|Any CPU
		{A9BC7B5C-43E3-ECAA-3909-03EB136CB776}.Release|Any CPU.ActiveCfg = Release|Any CPU
		{A9BC7B5C-43E3-ECAA-3909-03EB136CB776}.Release|Any CPU.Build.0 = Release|Any CPU
		{AB5903E9-179D-384F-24E2-9C141791FB14}.Debug|Any CPU.ActiveCfg = Debug|Any CPU
		{AB5903E9-179D-384F-24E2-9C141791FB14}.Debug|Any CPU.Build.0 = Debug|Any CPU
		{AB5903E9-179D-384F-24E2-9C141791FB14}.Release|Any CPU.ActiveCfg = Release|Any CPU
		{AB5903E9-179D-384F-24E2-9C141791FB14}.Release|Any CPU.Build.0 = Release|Any CPU
		{7DEB9F5A-DA03-476D-3137-671BF2D82217}.Debug|Any CPU.ActiveCfg = Debug|Any CPU
		{7DEB9F5A-DA03-476D-3137-671BF2D82217}.Debug|Any CPU.Build.0 = Debug|Any CPU
		{7DEB9F5A-DA03-476D-3137-671BF2D82217}.Release|Any CPU.ActiveCfg = Release|Any CPU
		{7DEB9F5A-DA03-476D-3137-671BF2D82217}.Release|Any CPU.Build.0 = Release|Any CPU
		{9A86DB53-1853-BE52-DCB0-0B36ADA2CA12}.Debug|Any CPU.ActiveCfg = Debug|Any CPU
		{9A86DB53-1853-BE52-DCB0-0B36ADA2CA12}.Debug|Any CPU.Build.0 = Debug|Any CPU
		{9A86DB53-1853-BE52-DCB0-0B36ADA2CA12}.Release|Any CPU.ActiveCfg = Release|Any CPU
		{9A86DB53-1853-BE52-DCB0-0B36ADA2CA12}.Release|Any CPU.Build.0 = Release|Any CPU
		{6C72D4FA-730B-708A-6784-533B5CCBC897}.Debug|Any CPU.ActiveCfg = Debug|Any CPU
		{6C72D4FA-730B-708A-6784-533B5CCBC897}.Debug|Any CPU.Build.0 = Debug|Any CPU
		{6C72D4FA-730B-708A-6784-533B5CCBC897}.Release|Any CPU.ActiveCfg = Release|Any CPU
		{6C72D4FA-730B-708A-6784-533B5CCBC897}.Release|Any CPU.Build.0 = Release|Any CPU
		{0222AAC6-5A3F-DE4A-8E45-0BC1E3BB5FD3}.Debug|Any CPU.ActiveCfg = Debug|Any CPU
		{0222AAC6-5A3F-DE4A-8E45-0BC1E3BB5FD3}.Debug|Any CPU.Build.0 = Debug|Any CPU
		{0222AAC6-5A3F-DE4A-8E45-0BC1E3BB5FD3}.Release|Any CPU.ActiveCfg = Release|Any CPU
		{0222AAC6-5A3F-DE4A-8E45-0BC1E3BB5FD3}.Release|Any CPU.Build.0 = Release|Any CPU
		{DD3C2755-48AB-3FAF-E6F2-CD7F307484E0}.Debug|Any CPU.ActiveCfg = Debug|Any CPU
		{DD3C2755-48AB-3FAF-E6F2-CD7F307484E0}.Debug|Any CPU.Build.0 = Debug|Any CPU
		{DD3C2755-48AB-3FAF-E6F2-CD7F307484E0}.Release|Any CPU.ActiveCfg = Release|Any CPU
		{DD3C2755-48AB-3FAF-E6F2-CD7F307484E0}.Release|Any CPU.Build.0 = Release|Any CPU
		{FA481418-45F3-ED31-511C-0D324401E453}.Debug|Any CPU.ActiveCfg = Debug|Any CPU
		{FA481418-45F3-ED31-511C-0D324401E453}.Debug|Any CPU.Build.0 = Debug|Any CPU
		{FA481418-45F3-ED31-511C-0D324401E453}.Release|Any CPU.ActiveCfg = Release|Any CPU
		{FA481418-45F3-ED31-511C-0D324401E453}.Release|Any CPU.Build.0 = Release|Any CPU
		{068C7A19-FA87-DC26-5B17-468F61BB478E}.Debug|Any CPU.ActiveCfg = Debug|Any CPU
		{068C7A19-FA87-DC26-5B17-468F61BB478E}.Debug|Any CPU.Build.0 = Debug|Any CPU
		{068C7A19-FA87-DC26-5B17-468F61BB478E}.Release|Any CPU.ActiveCfg = Release|Any CPU
		{068C7A19-FA87-DC26-5B17-468F61BB478E}.Release|Any CPU.Build.0 = Release|Any CPU
		{72FDAE4B-2988-1A8C-338C-7E87E1F1F03D}.Debug|Any CPU.ActiveCfg = Debug|Any CPU
		{72FDAE4B-2988-1A8C-338C-7E87E1F1F03D}.Debug|Any CPU.Build.0 = Debug|Any CPU
		{72FDAE4B-2988-1A8C-338C-7E87E1F1F03D}.Release|Any CPU.ActiveCfg = Release|Any CPU
		{72FDAE4B-2988-1A8C-338C-7E87E1F1F03D}.Release|Any CPU.Build.0 = Release|Any CPU
		{D8C1DD70-3C1F-8068-3CE2-FA9404932683}.Debug|Any CPU.ActiveCfg = Debug|Any CPU
		{D8C1DD70-3C1F-8068-3CE2-FA9404932683}.Debug|Any CPU.Build.0 = Debug|Any CPU
		{D8C1DD70-3C1F-8068-3CE2-FA9404932683}.Release|Any CPU.ActiveCfg = Release|Any CPU
		{D8C1DD70-3C1F-8068-3CE2-FA9404932683}.Release|Any CPU.Build.0 = Release|Any CPU
		{BC602F04-571C-D508-F39A-717E8378EAA8}.Debug|Any CPU.ActiveCfg = Debug|Any CPU
		{BC602F04-571C-D508-F39A-717E8378EAA8}.Debug|Any CPU.Build.0 = Debug|Any CPU
		{BC602F04-571C-D508-F39A-717E8378EAA8}.Release|Any CPU.ActiveCfg = Release|Any CPU
		{BC602F04-571C-D508-F39A-717E8378EAA8}.Release|Any CPU.Build.0 = Release|Any CPU
		{34BD5AF5-C301-E55F-750D-7EDD2B0E829B}.Debug|Any CPU.ActiveCfg = Debug|Any CPU
		{34BD5AF5-C301-E55F-750D-7EDD2B0E829B}.Debug|Any CPU.Build.0 = Debug|Any CPU
		{34BD5AF5-C301-E55F-750D-7EDD2B0E829B}.Release|Any CPU.ActiveCfg = Release|Any CPU
		{34BD5AF5-C301-E55F-750D-7EDD2B0E829B}.Release|Any CPU.Build.0 = Release|Any CPU
		{FB5E4D95-963F-E6F2-ABB4-F2213FD0BBC5}.Debug|Any CPU.ActiveCfg = Debug|Any CPU
		{FB5E4D95-963F-E6F2-ABB4-F2213FD0BBC5}.Debug|Any CPU.Build.0 = Debug|Any CPU
		{FB5E4D95-963F-E6F2-ABB4-F2213FD0BBC5}.Release|Any CPU.ActiveCfg = Release|Any CPU
		{FB5E4D95-963F-E6F2-ABB4-F2213FD0BBC5}.Release|Any CPU.Build.0 = Release|Any CPU
		{5BC01992-8BFF-C475-2837-E53BD89C1B1D}.Debug|Any CPU.ActiveCfg = Debug|Any CPU
		{5BC01992-8BFF-C475-2837-E53BD89C1B1D}.Debug|Any CPU.Build.0 = Debug|Any CPU
		{5BC01992-8BFF-C475-2837-E53BD89C1B1D}.Release|Any CPU.ActiveCfg = Release|Any CPU
		{5BC01992-8BFF-C475-2837-E53BD89C1B1D}.Release|Any CPU.Build.0 = Release|Any CPU
		{03306A1D-8CD8-2CCE-29C6-6D07C8A73C95}.Debug|Any CPU.ActiveCfg = Debug|Any CPU
		{03306A1D-8CD8-2CCE-29C6-6D07C8A73C95}.Debug|Any CPU.Build.0 = Debug|Any CPU
		{03306A1D-8CD8-2CCE-29C6-6D07C8A73C95}.Release|Any CPU.ActiveCfg = Release|Any CPU
		{03306A1D-8CD8-2CCE-29C6-6D07C8A73C95}.Release|Any CPU.Build.0 = Release|Any CPU
		{1A219538-2DC3-4EA9-C8C0-C624B86F1F7E}.Debug|Any CPU.ActiveCfg = Debug|Any CPU
		{1A219538-2DC3-4EA9-C8C0-C624B86F1F7E}.Debug|Any CPU.Build.0 = Debug|Any CPU
		{1A219538-2DC3-4EA9-C8C0-C624B86F1F7E}.Release|Any CPU.ActiveCfg = Release|Any CPU
		{1A219538-2DC3-4EA9-C8C0-C624B86F1F7E}.Release|Any CPU.Build.0 = Release|Any CPU
		{61BD1547-32EA-8A65-F150-621FA827A701}.Debug|Any CPU.ActiveCfg = Debug|Any CPU
		{61BD1547-32EA-8A65-F150-621FA827A701}.Debug|Any CPU.Build.0 = Debug|Any CPU
		{61BD1547-32EA-8A65-F150-621FA827A701}.Release|Any CPU.ActiveCfg = Release|Any CPU
		{61BD1547-32EA-8A65-F150-621FA827A701}.Release|Any CPU.Build.0 = Release|Any CPU
	EndGlobalSection
	GlobalSection(SolutionProperties) = preSolution
		HideSolutionNode = FALSE
	EndGlobalSection
EndGlobal
